// !$*UTF8*$!
{
	archiveVersion = 1;
	classes = {
	};
	objectVersion = 56;
	objects = {

/* Begin PBXBuildFile section */
		03521A8A2B348C4D002A32EA /* main.m in Sources */ = {isa = PBXBuildFile; fileRef = 03521A892B348C4D002A32EA /* main.m */; };
		038196B02B507515000F7B60 /* Robot.m in Sources */ = {isa = PBXBuildFile; fileRef = 038196AF2B507515000F7B60 /* Robot.m */; };
		03DDA1172B5BF771005C053F /* ViewController.m in Sources */ = {isa = PBXBuildFile; fileRef = 03DDA1162B5BF771005C053F /* ViewController.m */; };
		03E840C82B3DD0B90067AD67 /* Doctor.m in Sources */ = {isa = PBXBuildFile; fileRef = 03E840C72B3DD0B90067AD67 /* Doctor.m */; };
		03E840CB2B3DD0EA0067AD67 /* Patient.m in Sources */ = {isa = PBXBuildFile; fileRef = 03E840CA2B3DD0EA0067AD67 /* Patient.m */; };
/* End PBXBuildFile section */

/* Begin PBXCopyFilesBuildPhase section */
		03521A842B348C4D002A32EA /* CopyFiles */ = {
			isa = PBXCopyFilesBuildPhase;
			buildActionMask = 2147483647;
			dstPath = /usr/share/man/man1/;
			dstSubfolderSpec = 0;
			files = (
			);
			runOnlyForDeploymentPostprocessing = 1;
		};
/* End PBXCopyFilesBuildPhase section */

/* Begin PBXFileReference section */
		03521A862B348C4D002A32EA /* Objective-C */ = {isa = PBXFileReference; explicitFileType = "compiled.mach-o.executable"; includeInIndex = 0; path = "Objective-C"; sourceTree = BUILT_PRODUCTS_DIR; };
		03521A892B348C4D002A32EA /* main.m */ = {isa = PBXFileReference; lastKnownFileType = sourcecode.c.objc; path = main.m; sourceTree = "<group>"; };
		038196AE2B507515000F7B60 /* Robot.h */ = {isa = PBXFileReference; lastKnownFileType = sourcecode.c.h; path = Robot.h; sourceTree = "<group>"; };
		038196AF2B507515000F7B60 /* Robot.m */ = {isa = PBXFileReference; lastKnownFileType = sourcecode.c.objc; path = Robot.m; sourceTree = "<group>"; };
		03DDA1152B5BF771005C053F /* ViewController.h */ = {isa = PBXFileReference; lastKnownFileType = sourcecode.c.h; path = ViewController.h; sourceTree = "<group>"; };
		03DDA1162B5BF771005C053F /* ViewController.m */ = {isa = PBXFileReference; lastKnownFileType = sourcecode.c.objc; path = ViewController.m; sourceTree = "<group>"; };
		03E840C62B3DD0B90067AD67 /* Doctor.h */ = {isa = PBXFileReference; lastKnownFileType = sourcecode.c.h; path = Doctor.h; sourceTree = "<group>"; };
		03E840C72B3DD0B90067AD67 /* Doctor.m */ = {isa = PBXFileReference; lastKnownFileType = sourcecode.c.objc; path = Doctor.m; sourceTree = "<group>"; };
		03E840C92B3DD0EA0067AD67 /* Patient.h */ = {isa = PBXFileReference; lastKnownFileType = sourcecode.c.h; path = Patient.h; sourceTree = "<group>"; };
		03E840CA2B3DD0EA0067AD67 /* Patient.m */ = {isa = PBXFileReference; lastKnownFileType = sourcecode.c.objc; path = Patient.m; sourceTree = "<group>"; };
		03E840CC2B3DD2C80067AD67 /* DoctorDelegate.h */ = {isa = PBXFileReference; lastKnownFileType = sourcecode.c.h; path = DoctorDelegate.h; sourceTree = "<group>"; };
/* End PBXFileReference section */

/* Begin PBXFrameworksBuildPhase section */
		03521A832B348C4D002A32EA /* Frameworks */ = {
			isa = PBXFrameworksBuildPhase;
			buildActionMask = 2147483647;
			files = (
			);
			runOnlyForDeploymentPostprocessing = 0;
		};
/* End PBXFrameworksBuildPhase section */

/* Begin PBXGroup section */
		03521A7D2B348C4D002A32EA = {
			isa = PBXGroup;
			children = (
				03521A882B348C4D002A32EA /* Objective-C */,
				03521A872B348C4D002A32EA /* Products */,
			);
			sourceTree = "<group>";
		};
		03521A872B348C4D002A32EA /* Products */ = {
			isa = PBXGroup;
			children = (
				03521A862B348C4D002A32EA /* Objective-C */,
			);
			name = Products;
			sourceTree = "<group>";
		};
		03521A882B348C4D002A32EA /* Objective-C */ = {
			isa = PBXGroup;
			children = (
				038196A32B503972000F7B60 /* HW-3 */,
				038196A22B503966000F7B60 /* Robot */,
				03521A892B348C4D002A32EA /* main.m */,
			);
			path = "Objective-C";
			sourceTree = "<group>";
		};
		038196A22B503966000F7B60 /* Robot */ = {
			isa = PBXGroup;
			children = (
				038196AE2B507515000F7B60 /* Robot.h */,
				038196AF2B507515000F7B60 /* Robot.m */,
				03DDA1152B5BF771005C053F /* ViewController.h */,
				03DDA1162B5BF771005C053F /* ViewController.m */,
			);
			path = Robot;
			sourceTree = "<group>";
		};
		038196A32B503972000F7B60 /* HW-3 */ = {
			isa = PBXGroup;
			children = (
				03E840CC2B3DD2C80067AD67 /* DoctorDelegate.h */,
				03E840C62B3DD0B90067AD67 /* Doctor.h */,
				03E840C72B3DD0B90067AD67 /* Doctor.m */,
				03E840C92B3DD0EA0067AD67 /* Patient.h */,
				03E840CA2B3DD0EA0067AD67 /* Patient.m */,
			);
			path = "HW-3";
			sourceTree = "<group>";
		};
/* End PBXGroup section */

/* Begin PBXNativeTarget section */
		03521A852B348C4D002A32EA /* Objective-C */ = {
			isa = PBXNativeTarget;
			buildConfigurationList = 03521A8D2B348C4D002A32EA /* Build configuration list for PBXNativeTarget "Objective-C" */;
			buildPhases = (
				03521A822B348C4D002A32EA /* Sources */,
				03521A832B348C4D002A32EA /* Frameworks */,
				03521A842B348C4D002A32EA /* CopyFiles */,
			);
			buildRules = (
			);
			dependencies = (
			);
			name = "Objective-C";
			productName = "Objective-C";
			productReference = 03521A862B348C4D002A32EA /* Objective-C */;
			productType = "com.apple.product-type.tool";
		};
/* End PBXNativeTarget section */

/* Begin PBXProject section */
		03521A7E2B348C4D002A32EA /* Project object */ = {
			isa = PBXProject;
			attributes = {
				BuildIndependentTargetsInParallel = 1;
				LastUpgradeCheck = 1510;
				TargetAttributes = {
					03521A852B348C4D002A32EA = {
						CreatedOnToolsVersion = 15.1;
						LastSwiftMigration = 1510;
					};
				};
			};
			buildConfigurationList = 03521A812B348C4D002A32EA /* Build configuration list for PBXProject "Objective-C" */;
			compatibilityVersion = "Xcode 14.0";
			developmentRegion = en;
			hasScannedForEncodings = 0;
			knownRegions = (
				en,
				Base,
			);
			mainGroup = 03521A7D2B348C4D002A32EA;
			productRefGroup = 03521A872B348C4D002A32EA /* Products */;
			projectDirPath = "";
			projectRoot = "";
			targets = (
				03521A852B348C4D002A32EA /* Objective-C */,
			);
		};
/* End PBXProject section */

/* Begin PBXSourcesBuildPhase section */
		03521A822B348C4D002A32EA /* Sources */ = {
			isa = PBXSourcesBuildPhase;
			buildActionMask = 2147483647;
			files = (
				038196B02B507515000F7B60 /* Robot.m in Sources */,
				03E840CB2B3DD0EA0067AD67 /* Patient.m in Sources */,
				03E840C82B3DD0B90067AD67 /* Doctor.m in Sources */,
				03521A8A2B348C4D002A32EA /* main.m in Sources */,
				03DDA1172B5BF771005C053F /* ViewController.m in Sources */,
			);
			runOnlyForDeploymentPostprocessing = 0;
		};
/* End PBXSourcesBuildPhase section */

/* Begin XCBuildConfiguration section */
		03521A8B2B348C4D002A32EA /* Debug */ = {
			isa = XCBuildConfiguration;
			buildSettings = {
				ALWAYS_SEARCH_USER_PATHS = NO;
				ASSETCATALOG_COMPILER_GENERATE_SWIFT_ASSET_SYMBOL_EXTENSIONS = YES;
				CLANG_ANALYZER_NONNULL = YES;
				CLANG_ANALYZER_NUMBER_OBJECT_CONVERSION = YES_AGGRESSIVE;
				CLANG_CXX_LANGUAGE_STANDARD = "gnu++20";
				CLANG_ENABLE_MODULES = YES;
				CLANG_ENABLE_OBJC_ARC = YES;
				CLANG_ENABLE_OBJC_WEAK = YES;
				CLANG_WARN_BLOCK_CAPTURE_AUTORELEASING = YES;
				CLANG_WARN_BOOL_CONVERSION = YES;
				CLANG_WARN_COMMA = YES;
				CLANG_WARN_CONSTANT_CONVERSION = YES;
				CLANG_WARN_DEPRECATED_OBJC_IMPLEMENTATIONS = YES;
				CLANG_WARN_DIRECT_OBJC_ISA_USAGE = YES_ERROR;
				CLANG_WARN_DOCUMENTATION_COMMENTS = YES;
				CLANG_WARN_EMPTY_BODY = YES;
				CLANG_WARN_ENUM_CONVERSION = YES;
				CLANG_WARN_INFINITE_RECURSION = YES;
				CLANG_WARN_INT_CONVERSION = YES;
				CLANG_WARN_NON_LITERAL_NULL_CONVERSION = YES;
				CLANG_WARN_OBJC_IMPLICIT_RETAIN_SELF = YES;
				CLANG_WARN_OBJC_LITERAL_CONVERSION = YES;
				CLANG_WARN_OBJC_ROOT_CLASS = YES_ERROR;
				CLANG_WARN_QUOTED_INCLUDE_IN_FRAMEWORK_HEADER = YES;
				CLANG_WARN_RANGE_LOOP_ANALYSIS = YES;
				CLANG_WARN_STRICT_PROTOTYPES = YES;
				CLANG_WARN_SUSPICIOUS_MOVE = YES;
				CLANG_WARN_UNGUARDED_AVAILABILITY = YES_AGGRESSIVE;
				CLANG_WARN_UNREACHABLE_CODE = YES;
				CLANG_WARN__DUPLICATE_METHOD_MATCH = YES;
				COPY_PHASE_STRIP = NO;
				DEBUG_INFORMATION_FORMAT = dwarf;
				ENABLE_STRICT_OBJC_MSGSEND = YES;
				ENABLE_TESTABILITY = YES;
				ENABLE_USER_SCRIPT_SANDBOXING = YES;
				GCC_C_LANGUAGE_STANDARD = gnu17;
				GCC_DYNAMIC_NO_PIC = NO;
				GCC_NO_COMMON_BLOCKS = YES;
				GCC_OPTIMIZATION_LEVEL = 0;
				GCC_PREPROCESSOR_DEFINITIONS = (
					"DEBUG=1",
					"$(inherited)",
				);
				GCC_WARN_64_TO_32_BIT_CONVERSION = YES;
				GCC_WARN_ABOUT_RETURN_TYPE = YES_ERROR;
				GCC_WARN_UNDECLARED_SELECTOR = YES;
				GCC_WARN_UNINITIALIZED_AUTOS = YES_AGGRESSIVE;
				GCC_WARN_UNUSED_FUNCTION = YES;
				GCC_WARN_UNUSED_VARIABLE = YES;
				LOCALIZATION_PREFERS_STRING_CATALOGS = YES;
				MACOSX_DEPLOYMENT_TARGET = 14.1;
				MTL_ENABLE_DEBUG_INFO = INCLUDE_SOURCE;
				MTL_FAST_MATH = YES;
				ONLY_ACTIVE_ARCH = YES;
				SDKROOT = macosx;
			};
			name = Debug;
		};
		03521A8C2B348C4D002A32EA /* Release */ = {
			isa = XCBuildConfiguration;
			buildSettings = {
				ALWAYS_SEARCH_USER_PATHS = NO;
				ASSETCATALOG_COMPILER_GENERATE_SWIFT_ASSET_SYMBOL_EXTENSIONS = YES;
				CLANG_ANALYZER_NONNULL = YES;
				CLANG_ANALYZER_NUMBER_OBJECT_CONVERSION = YES_AGGRESSIVE;
				CLANG_CXX_LANGUAGE_STANDARD = "gnu++20";
				CLANG_ENABLE_MODULES = YES;
				CLANG_ENABLE_OBJC_ARC = YES;
				CLANG_ENABLE_OBJC_WEAK = YES;
				CLANG_WARN_BLOCK_CAPTURE_AUTORELEASING = YES;
				CLANG_WARN_BOOL_CONVERSION = YES;
				CLANG_WARN_COMMA = YES;
				CLANG_WARN_CONSTANT_CONVERSION = YES;
				CLANG_WARN_DEPRECATED_OBJC_IMPLEMENTATIONS = YES;
				CLANG_WARN_DIRECT_OBJC_ISA_USAGE = YES_ERROR;
				CLANG_WARN_DOCUMENTATION_COMMENTS = YES;
				CLANG_WARN_EMPTY_BODY = YES;
				CLANG_WARN_ENUM_CONVERSION = YES;
				CLANG_WARN_INFINITE_RECURSION = YES;
				CLANG_WARN_INT_CONVERSION = YES;
				CLANG_WARN_NON_LITERAL_NULL_CONVERSION = YES;
				CLANG_WARN_OBJC_IMPLICIT_RETAIN_SELF = YES;
				CLANG_WARN_OBJC_LITERAL_CONVERSION = YES;
				CLANG_WARN_OBJC_ROOT_CLASS = YES_ERROR;
				CLANG_WARN_QUOTED_INCLUDE_IN_FRAMEWORK_HEADER = YES;
				CLANG_WARN_RANGE_LOOP_ANALYSIS = YES;
				CLANG_WARN_STRICT_PROTOTYPES = YES;
				CLANG_WARN_SUSPICIOUS_MOVE = YES;
				CLANG_WARN_UNGUARDED_AVAILABILITY = YES_AGGRESSIVE;
				CLANG_WARN_UNREACHABLE_CODE = YES;
				CLANG_WARN__DUPLICATE_METHOD_MATCH = YES;
				COPY_PHASE_STRIP = NO;
				DEBUG_INFORMATION_FORMAT = "dwarf-with-dsym";
				ENABLE_NS_ASSERTIONS = NO;
				ENABLE_STRICT_OBJC_MSGSEND = YES;
				ENABLE_USER_SCRIPT_SANDBOXING = YES;
				GCC_C_LANGUAGE_STANDARD = gnu17;
				GCC_NO_COMMON_BLOCKS = YES;
				GCC_WARN_64_TO_32_BIT_CONVERSION = YES;
				GCC_WARN_ABOUT_RETURN_TYPE = YES_ERROR;
				GCC_WARN_UNDECLARED_SELECTOR = YES;
				GCC_WARN_UNINITIALIZED_AUTOS = YES_AGGRESSIVE;
				GCC_WARN_UNUSED_FUNCTION = YES;
				GCC_WARN_UNUSED_VARIABLE = YES;
				LOCALIZATION_PREFERS_STRING_CATALOGS = YES;
				MACOSX_DEPLOYMENT_TARGET = 14.1;
				MTL_ENABLE_DEBUG_INFO = NO;
				MTL_FAST_MATH = YES;
				SDKROOT = macosx;
			};
			name = Release;
		};
		03521A8E2B348C4D002A32EA /* Debug */ = {
			isa = XCBuildConfiguration;
			buildSettings = {
				CLANG_ENABLE_MODULES = YES;
				CODE_SIGN_STYLE = Automatic;
				DEVELOPMENT_TEAM = 27HNUHGL83;
				ENABLE_HARDENED_RUNTIME = YES;
				"PRODUCT_BUNDLE_IDENTIFIER[sdk=macosx*]" = "gmail.com-mihail.chertov";
				PRODUCT_NAME = "$(TARGET_NAME)";
				SWIFT_OBJC_BRIDGING_HEADER = "Objective-C/Objective-C-Bridging-Header.h";
				SWIFT_OPTIMIZATION_LEVEL = "-Onone";
				SWIFT_VERSION = 5.0;
			};
			name = Debug;
		};
		03521A8F2B348C4D002A32EA /* Release */ = {
			isa = XCBuildConfiguration;
			buildSettings = {
				CLANG_ENABLE_MODULES = YES;
				CODE_SIGN_STYLE = Automatic;
				DEVELOPMENT_TEAM = 27HNUHGL83;
				ENABLE_HARDENED_RUNTIME = YES;
				"PRODUCT_BUNDLE_IDENTIFIER[sdk=macosx*]" = "gmail.com-mihail.chertov";
				PRODUCT_NAME = "$(TARGET_NAME)";
				SWIFT_OBJC_BRIDGING_HEADER = "Objective-C/Objective-C-Bridging-Header.h";
				SWIFT_VERSION = 5.0;
			};
			name = Release;
		};
/* End XCBuildConfiguration section */

/* Begin XCConfigurationList section */
		03521A812B348C4D002A32EA /* Build configuration list for PBXProject "Objective-C" */ = {
			isa = XCConfigurationList;
			buildConfigurations = (
				03521A8B2B348C4D002A32EA /* Debug */,
				03521A8C2B348C4D002A32EA /* Release */,
			);
			defaultConfigurationIsVisible = 0;
			defaultConfigurationName = Release;
		};
		03521A8D2B348C4D002A32EA /* Build configuration list for PBXNativeTarget "Objective-C" */ = {
			isa = XCConfigurationList;
			buildConfigurations = (
				03521A8E2B348C4D002A32EA /* Debug */,
				03521A8F2B348C4D002A32EA /* Release */,
			);
			defaultConfigurationIsVisible = 0;
			defaultConfigurationName = Release;
		};
/* End XCConfigurationList section */
	};
	rootObject = 03521A7E2B348C4D002A32EA /* Project object */;
}
